
Microsoft Visual Studio Solution File, Format Version 12.00
# Visual Studio Version 17
VisualStudioVersion = 17.1.32328.378
MinimumVisualStudioVersion = 10.0.40219.1
Project("{9A19103F-16F7-4668-BE54-9A1E7A4F7556}") = "UserService", "UserService\UserService.csproj", "{2AEEC81C-C527-4D38-8C63-2C8955EAA334}"
EndProject
Project("{9A19103F-16F7-4668-BE54-9A1E7A4F7556}") = "Library", "Library\Library.csproj", "{068E77C3-DF70-4B90-B1C8-AAB4DB05E34D}"
EndProject
Project("{9A19103F-16F7-4668-BE54-9A1E7A4F7556}") = "FoodService", "FoodService\FoodService.csproj", "{1566A2FE-A755-4636-888B-5458451579CB}"
EndProject
Project("{9A19103F-16F7-4668-BE54-9A1E7A4F7556}") = "CourierService", "CourierService\CourierService.csproj", "{F5BF9763-3041-45AF-87BD-FBE8B98E1892}"
EndProject
Project("{E53339B2-1760-4266-BCC7-CA923CBCF16C}") = "docker-compose", "docker-compose.dcproj", "{26EBC2FE-C731-4DDB-95BA-A81A1168B8B2}"
EndProject
Project("{FAE04EC0-301F-11D3-BF4B-00C04F79EFBC}") = "LibraryData", "LibraryData\LibraryData.csproj", "{46AAE6CD-499C-4CEF-8077-97B0A2EFDF2D}"
EndProject
Global
	GlobalSection(SolutionConfigurationPlatforms) = preSolution
		Debug|Any CPU = Debug|Any CPU
		Release|Any CPU = Release|Any CPU
	EndGlobalSection
	GlobalSection(ProjectConfigurationPlatforms) = postSolution
		{2AEEC81C-C527-4D38-8C63-2C8955EAA334}.Debug|Any CPU.ActiveCfg = Debug|Any CPU
		{2AEEC81C-C527-4D38-8C63-2C8955EAA334}.Debug|Any CPU.Build.0 = Debug|Any CPU
		{2AEEC81C-C527-4D38-8C63-2C8955EAA334}.Release|Any CPU.ActiveCfg = Release|Any CPU
		{2AEEC81C-C527-4D38-8C63-2C8955EAA334}.Release|Any CPU.Build.0 = Release|Any CPU
		{068E77C3-DF70-4B90-B1C8-AAB4DB05E34D}.Debug|Any CPU.ActiveCfg = Debug|Any CPU
		{068E77C3-DF70-4B90-B1C8-AAB4DB05E34D}.Debug|Any CPU.Build.0 = Debug|Any CPU
		{068E77C3-DF70-4B90-B1C8-AAB4DB05E34D}.Release|Any CPU.ActiveCfg = Release|Any CPU
		{068E77C3-DF70-4B90-B1C8-AAB4DB05E34D}.Release|Any CPU.Build.0 = Release|Any CPU
		{1566A2FE-A755-4636-888B-5458451579CB}.Debug|Any CPU.ActiveCfg = Debug|Any CPU
		{1566A2FE-A755-4636-888B-5458451579CB}.Debug|Any CPU.Build.0 = Debug|Any CPU
		{1566A2FE-A755-4636-888B-5458451579CB}.Release|Any CPU.ActiveCfg = Release|Any CPU
		{1566A2FE-A755-4636-888B-5458451579CB}.Release|Any CPU.Build.0 = Release|Any CPU
		{F5BF9763-3041-45AF-87BD-FBE8B98E1892}.Debug|Any CPU.ActiveCfg = Debug|Any CPU
		{F5BF9763-3041-45AF-87BD-FBE8B98E1892}.Debug|Any CPU.Build.0 = Debug|Any CPU
		{F5BF9763-3041-45AF-87BD-FBE8B98E1892}.Release|Any CPU.ActiveCfg = Release|Any CPU
		{F5BF9763-3041-45AF-87BD-FBE8B98E1892}.Release|Any CPU.Build.0 = Release|Any CPU
		{26EBC2FE-C731-4DDB-95BA-A81A1168B8B2}.Debug|Any CPU.ActiveCfg = Debug|Any CPU
		{26EBC2FE-C731-4DDB-95BA-A81A1168B8B2}.Debug|Any CPU.Build.0 = Debug|Any CPU
		{26EBC2FE-C731-4DDB-95BA-A81A1168B8B2}.Release|Any CPU.ActiveCfg = Release|Any CPU
		{26EBC2FE-C731-4DDB-95BA-A81A1168B8B2}.Release|Any CPU.Build.0 = Release|Any CPU
		{46AAE6CD-499C-4CEF-8077-97B0A2EFDF2D}.Debug|Any CPU.ActiveCfg = Debug|Any CPU
		{46AAE6CD-499C-4CEF-8077-97B0A2EFDF2D}.Debug|Any CPU.Build.0 = Debug|Any CPU
		{46AAE6CD-499C-4CEF-8077-97B0A2EFDF2D}.Release|Any CPU.ActiveCfg = Release|Any CPU
		{46AAE6CD-499C-4CEF-8077-97B0A2EFDF2D}.Release|Any CPU.Build.0 = Release|Any CPU
	EndGlobalSection
	GlobalSection(SolutionProperties) = preSolution
		HideSolutionNode = FALSE
	EndGlobalSection
	GlobalSection(ExtensibilityGlobals) = postSolution
		SolutionGuid = {4965800F-B420-46B3-A430-2F3E07FA7165}
	EndGlobalSection
EndGlobal
